---
- - "./repos/bundler/bad_gemfile_on_platform"
  - 5dd45c83631f58d121afb48b513016cc9e2d3432
- - "./repos/bundler/bundle-ruby-version-not-in-lockfile"
  - 892a75783913df4bd64ffb2fdb3c5517f65fdb46
- - "./repos/bundler/git_gemspec"
  - 19fc9a51a5c36c81c926bf8e16d07399e0e514aa
- - "./repos/bundler/no_lockfile"
  - 1947ce9a9c276d5df1c323b2ad78d1d85c7ab4c0
- - "./repos/bundler/nokogiri_160"
  - d9a761776be43e1c685f98ef13c6ef1ee0292267
- - "./repos/bundler/problem_gemfile_version"
  - c6266a7d121522b6219a52c69a1d104b00c03359
- - "./repos/bundler/sqlite3_gemfile"
  - 116db685f54dae18f703b3beb90e64fdbddb048d
- - "./repos/ci/activerecord_rake_tasks_does_not_exist"
  - 71bb06014dcb95a56570198d60c4b61a33e21b21
- - "./repos/ci/heroku-ci-json-example"
  - b728496ec372793e867eb522e4a95ee9cf4c65be
- - "./repos/ci/rails5_ruby_schema_format"
  - 3e63c3e13f435cf4ab11265e9abd161cc28cc552
- - "./repos/ci/rails5_sql_schema_format"
  - f77612224dcb43d3af7297ddf1d2866b2058dc3c
- - "./repos/ci/rails_31_ruby_schema_format"
  - cce38934f6a8c014735f35ee90f1224c01c937bb
- - "./repos/ci/rails_31_sql_schema_format"
  - e89a575baf7fcf168240f3674884124568086dd1
- - "./repos/ci/ruby_no_rails_test"
  - 25099328d78ee767e6378baf2abd77256e82caf3
- - "./repos/jruby/jruby_naether"
  - c5081c07de64dcd4b480923e4b7e2a98a9b4a431
- - "./repos/multibuildpack/node_multi"
  - f51a81f64667309d951ac67e6d4f3b1f6157798d
- - "./repos/node/webpacker_no_execjs"
  - f4d42a9dc399b3153176e1aa2b3d5ba28fa4127e
- - "./repos/rack/default_ruby"
  - da748a59340be8b950e7bbbfb32077eb67d70c3c
- - "./repos/rack/mri_187_nokogiri"
  - 3fcce9c85bf560dba285cc385ae9845729195826
- - "./repos/rack/mri_192"
  - ef6b5ccf8aa2a8f5e3745934e3580dc0bd2d6d4b
- - "./repos/rack/mri_193"
  - 2e9ed455517c57b0dc953f54fbf9fef641c7aadb
- - "./repos/rack/mri_200"
  - f9922cbd9c6f44fdded54912f66038db37cb4b8f
- - "./repos/rails2/rails23_mri_193"
  - 557f7ba7a9347ebe0dd2038dda7e7a97b2582525
- - "./repos/rails3/rails3-fail-assets-compile"
  - 733df1b022e181aeabc28ba85883f246d4d685cc
- - "./repos/rails3/rails3-fail-rakefile"
  - 439110ea49008db0ab6dbe695125b44b2373748c
- - "./repos/rails3/rails3_12factor"
  - 010a0d34d9f87c0ee5e8d8ad00b2001df2aab30d
- - "./repos/rails3/rails3_mri_193"
  - 88c5d0d067cfd11e4452633994a85b04627ae8c7
- - "./repos/rails3/rails3_one_plugin"
  - 3a55abe16ebe152593c5e64dea8ba18b334b99a2
- - "./repos/rails3/rails3_runtime_assets"
  - 2bd534614490c1264fe02fe3a1039b0e586e8034
- - "./repos/rails3/railties3_mri_193"
  - 8cc041cffb9f5635017aa118d16688491f794e91
- - "./repos/rails4/rails3-to-4-no-bin"
  - 15a993614bde9c683476e56d60daad220f0bebdb
- - "./repos/rails4/rails4-env-assets-compile"
  - ba8c352856685c3e46ae227ffbc175d6aa8e868b
- - "./repos/rails4/rails4-fail-assets-compile"
  - 6dcded27ee27e557d4561e26c1e79aa89e109c24
- - "./repos/rails4/rails4-manifest"
  - a4942b578d5ecd6c2603612e6453eac2f4660d8b
- - "./repos/rails4/rails4_windows_mri193"
  - f4c7b6209835050468bbb87827acf652b8f4d8ce
- - "./repos/rails41/rails41_scaffold"
  - 488c116bda742a348ae320c73318990e19d4d78d
- - "./repos/rails42/rails42_scaffold"
  - 0e56e663ce4de29dbe7ca42c9725068f8556b634
- - "./repos/rails42/rails42_sprockets3_manifest"
  - 8ba93cea22a99d64dd1fbf87b8f7892c0d5204d1
- - "./repos/rails5/rails5"
  - fc537b7091260d8cc6fdf2bc0fac7032d910a261
- - "./repos/rails51/rails51_webpacker"
  - d8460fc9eeb93108b6037a3ea755ec7a111ad03c
- - "./repos/rails52/active_storage_local"
  - a1b6b18e081001b407898532fb9cb061a29ceee1
- - "./repos/rails52/active_storage_non_local"
  - cba59b7559f1f806684b65654228d44fcda91a82
- - "./repos/rake/asset_precompile_fail"
  - 16f7834331d6bb3fc5c284130b14eb1ff74d99d5
- - "./repos/rake/asset_precompile_not_found"
  - 57fc7f239bf9319e2f77fe580ba68445f6635191
- - "./repos/rake/asset_precompile_pass"
  - ce976c727d9f477957c499f39f4cf9603c378103
- - "./repos/rake/bad_rakefile"
  - 3cb9c7bf6494c59bd25fa74c2aa4531119e12a46
- - "./repos/rake/connect_to_database_on_first_push"
  - 635e002cb5a0400092dd5e80b88c6ffb740fda02
- - "./repos/rake/default_with_rakefile"
  - c6e0c4db8dcccb47e11d496e17adbc2dafc80dd8
- - "./repos/rake/no_rakefile"
  - d2ec2084b825218418dac54bd6276ac896b31cdd
- - "./repos/ruby/activerecord41_scaffold"
  - 136e3e2627ed5e64e1491f9aff2b402462ce3d25
- - "./repos/ruby/bad_ruby_version"
  - 7bf3470265a87ea6361640aa4bfce6ce3b743520
- - "./repos/ruby/cd_ruby"
  - 5d4139af87bbb941008ef945408eb8b6a5276369
- - "./repos/ruby/empty-procfile"
  - 7cae0aae424c2028b81b5d37ee24d42db8e545b9
- - "./repos/ruby/jruby-minimal"
  - f79860bc2866449fe065484f1542aaadd3f7cfd2
- - "./repos/ruby/mri_187"
  - 43cecfacbedda64f09310a4408ce73c5dc3a9c44
- - "./repos/ruby/mri_193_p547"
  - 39f4753b620f9ff427c547fd19f04c89f8441f6f
- - "./repos/ruby/ruby_193_bad_patch_cedar_14"
  - 6948c1460c596f08c4642d616ae73a45dc0ae51a
- - "./repos/ruby/ruby_193_jruby_17161"
  - 130cbe4bc2d8325ecb6d450fb7f5f2248390f0f8
- - "./repos/ruby/ruby_193_jruby_17161_jdk7"
  - c1b632f8a96cf9b902f5cdcd7a190d46544a8144
- - "./repos/ruby/ruby_193_jruby_17161_jdk8"
  - 01d90df2547488151f3add3b237f15e47e62a4e9
- - "./repos/ruby/ruby_193_jruby_173"
  - a08e8b2cc61d08bd611accaa455dbcbfff80f831
- - "./repos/ruby/ruby_193_jruby_176"
  - 9fcbc184cb386abc8784e9935d52d403e35c532c
- - "./repos/ruby/ruby_25"
  - 0cb3df80d55b61e9417f2ac00adb06e15ae37982
