---
- - "./repos/bundler/git_gemspec"
  - 7755e19caf122e1373bce73ffe9b333e9411d732
- - "./repos/bundler/no_lockfile"
  - 1947ce9a9c276d5df1c323b2ad78d1d85c7ab4c0
- - "./repos/bundler/sqlite3_gemfile"
  - 116db685f54dae18f703b3beb90e64fdbddb048d
- - "./repos/ci/heroku-ci-json-example"
  - 728cc99c8e80290cc07441d61a8bcd4596e696fb
- - "./repos/ci/ruby_no_rails_test"
  - 8f6b08138db00ef7f3b5a21b1eb42611b83e363b
- - "./repos/heroku/ruby-getting-started"
  - main
- - "./repos/node/minimal_webpacker"
  - d659577a612b12ddb44ce34e28124c025ecb22f3
- - "./repos/rack/default_ruby"
  - master
- - "./repos/rails_versions/rails-jsbundling"
  - 50e9fdf7c3a37623c676989ddebac4ee5349734b
- - "./repos/rails_versions/rails3_default_ruby"
  - 984b6d02353519251c2d1e885bf8914a2584f26a
- - "./repos/rails_versions/rails42_default_ruby"
  - fbdaf031823f09d1514ec1d55dcb04ca2f4264ca
- - "./repos/rails_versions/rails61"
  - 47828a3e8c79b7869ca0d9a3afa4be065fa46e96
- - "./repos/rails_versions/rails_8_ruby_schema"
  - a993a3f00c8e09f733bc3b783f7e37148d0af1d4
- - "./repos/rails_versions/rails_8_sql_schema"
  - d5089812196931e858a97119de1640a86825a272
- - "./repos/rails_versions/rails_lts_23_default_ruby"
  - f3597fd6f0887763eb65ec2f83a5e9a5155d5625
- - "./repos/rake/asset_precompile_fail"
  - 16f7834331d6bb3fc5c284130b14eb1ff74d99d5
- - "./repos/rake/asset_precompile_not_found"
  - 57fc7f239bf9319e2f77fe580ba68445f6635191
- - "./repos/rake/asset_precompile_pass"
  - ce976c727d9f477957c499f39f4cf9603c378103
- - "./repos/rake/bad_rakefile"
  - 3cb9c7bf6494c59bd25fa74c2aa4531119e12a46
- - "./repos/rake/no_rakefile"
  - d2ec2084b825218418dac54bd6276ac896b31cdd
- - "./repos/ruby/bad_ruby_version"
  - 7bf3470265a87ea6361640aa4bfce6ce3b743520
- - "./repos/ruby/empty-procfile"
  - 7cae0aae424c2028b81b5d37ee24d42db8e545b9
- - "./repos/ruby/jruby-minimal"
  - 3fa8a57f3dbb4ad6f1db411dca7cdc9b343955ad
