---
- - "./repos/bundler/bad_gemfile_on_platform"
  - 5dd45c83631f58d121afb48b513016cc9e2d3432
- - "./repos/bundler/bundle-ruby-version-not-in-lockfile"
  - 5c8219d8bbdc8faa6a98781867b9fce25a6f2abb
- - "./repos/bundler/git_gemspec"
  - 19fc9a51a5c36c81c926bf8e16d07399e0e514aa
- - "./repos/bundler/no_lockfile"
  - 1947ce9a9c276d5df1c323b2ad78d1d85c7ab4c0
- - "./repos/bundler/nokogiri_160"
  - d9a761776be43e1c685f98ef13c6ef1ee0292267
- - "./repos/bundler/problem_gemfile_version"
  - abc25a7b582a720b99148a1c8753d0d7452254bb
- - "./repos/bundler/sqlite3_gemfile"
  - 116db685f54dae18f703b3beb90e64fdbddb048d
- - "./repos/ci/activerecord_rake_tasks_does_not_exist"
  - a6b711be6921cf7a0aa4e31269c37965799ea110
- - "./repos/ci/heroku-ci-json-example"
  - 4e5410a7381f486ba3df7739e02e52f32fdd4dda
- - "./repos/ci/rails5_ruby_schema_format"
  - d76be86c66ae8f45ec611fb2c4d8eb3adac0ad4b
- - "./repos/ci/rails5_sql_schema_format"
  - df48237c57f89bb3629937ae6b1d6af070100ed3
- - "./repos/ci/rails_31_ruby_schema_format"
  - 4dfec62253a2a09e004e396a8849c3bf11c3f68a
- - "./repos/ci/rails_31_sql_schema_format"
  - 540ec776eff3111ad9bb01af204c62725c94a11d
- - "./repos/ci/ruby_no_rails_test"
  - 3916137106d59b008b67d738abe6a1438f8fbde6
- - "./repos/heroku/ruby-getting-started"
  - 7abd8af85c7ba6486bb03a4964da9cea98766b06
- - "./repos/jruby/jruby_naether"
  - c5081c07de64dcd4b480923e4b7e2a98a9b4a431
- - "./repos/multibuildpack/node_multi"
  - c8f822a0cdd3b7ed92f19bd1112bd9e301bc4a5e
- - "./repos/node/webpacker_no_execjs"
  - 26792540c924699c69e4c79019b65bc9192586ea
- - "./repos/rack/default_ruby"
  - da748a59340be8b950e7bbbfb32077eb67d70c3c
- - "./repos/rack/mri_187_nokogiri"
  - 3fcce9c85bf560dba285cc385ae9845729195826
- - "./repos/rack/mri_192"
  - ef6b5ccf8aa2a8f5e3745934e3580dc0bd2d6d4b
- - "./repos/rack/mri_193"
  - 2e9ed455517c57b0dc953f54fbf9fef641c7aadb
- - "./repos/rack/mri_200"
  - f9922cbd9c6f44fdded54912f66038db37cb4b8f
- - "./repos/rails2/rails23_mri_193"
  - 557f7ba7a9347ebe0dd2038dda7e7a97b2582525
- - "./repos/rails3/rails3-fail-assets-compile"
  - 0a2496b162fee373cbd484466abfcac1792510a1
- - "./repos/rails3/rails3-fail-rakefile"
  - 85ee71f73a50067ca99163aa3bb23865a1df4c8f
- - "./repos/rails3/rails3_12factor"
  - 9aebcf9adccd007e178f71aa49f85ee1a203fc4d
- - "./repos/rails3/rails3_mri_193"
  - 88c5d0d067cfd11e4452633994a85b04627ae8c7
- - "./repos/rails3/rails3_one_plugin"
  - 4f6ee83f2b977d4c939890ede9f11319ab8fd67c
- - "./repos/rails3/rails3_runtime_assets"
  - 6f71613db2ba4e25c82d5986f43e419ed9b2e4b0
- - "./repos/rails3/railties3_mri_193"
  - 8cc041cffb9f5635017aa118d16688491f794e91
- - "./repos/rails4/rails3-to-4-no-bin"
  - 3fd6e84f5d8eaaadb6d95aeb1f367f62da28cc62
- - "./repos/rails4/rails4-fail-assets-compile"
  - 7f65fbb04ca49be526906a1b0d9155cd24941b8e
- - "./repos/rails4/rails4-manifest"
  - b700f4683f601f102ab4b65a7e5052e40f2b4def
- - "./repos/rails4/rails4_windows_mri193"
  - f4c7b6209835050468bbb87827acf652b8f4d8ce
- - "./repos/rails41/rails41_scaffold"
  - d98e9ccee771b3745f1ab1936a697a05229392df
- - "./repos/rails42/rails42_scaffold"
  - 5da1259651bf29b80af2bb27789422def02be5a8
- - "./repos/rails42/rails42_sprockets3_manifest"
  - 4ea4b080599b4394bdf6753a7b392d9ed6b844a7
- - "./repos/rails5/rails5"
  - 1680c5da829e03ffb9345187971a13e5109d86a6
- - "./repos/rails51/rails51_webpacker"
  - 75c5c4f21b1d88fc3b8edf60b3f871df3ad70208
- - "./repos/rails52/active_storage_local"
  - e2119af6ddd4bc21fda9bc7da6401e7aa256e38d
- - "./repos/rails52/active_storage_non_local"
  - cba59b7559f1f806684b65654228d44fcda91a82
- - "./repos/rails52/sprockets_asset_compile_true"
  - 98c6675cf97059278709cf75030e28063e0228d2
- - "./repos/rake/asset_precompile_fail"
  - 16f7834331d6bb3fc5c284130b14eb1ff74d99d5
- - "./repos/rake/asset_precompile_not_found"
  - 57fc7f239bf9319e2f77fe580ba68445f6635191
- - "./repos/rake/asset_precompile_pass"
  - ce976c727d9f477957c499f39f4cf9603c378103
- - "./repos/rake/bad_rakefile"
  - 3cb9c7bf6494c59bd25fa74c2aa4531119e12a46
- - "./repos/rake/connect_to_database_on_first_push"
  - 635e002cb5a0400092dd5e80b88c6ffb740fda02
- - "./repos/rake/default_with_rakefile"
  - c6e0c4db8dcccb47e11d496e17adbc2dafc80dd8
- - "./repos/rake/no_rakefile"
  - d2ec2084b825218418dac54bd6276ac896b31cdd
- - "./repos/ruby/activerecord41_scaffold"
  - 6e4662c44b49e2c3c9429f00e7e7f4708142b03f
- - "./repos/ruby/bad_ruby_version"
  - 7bf3470265a87ea6361640aa4bfce6ce3b743520
- - "./repos/ruby/cd_ruby"
  - 88df7181e301d25a8da992107747acff62670327
- - "./repos/ruby/empty-procfile"
  - 7cae0aae424c2028b81b5d37ee24d42db8e545b9
- - "./repos/ruby/jruby-minimal"
  - f79860bc2866449fe065484f1542aaadd3f7cfd2
- - "./repos/ruby/mri_187"
  - 43cecfacbedda64f09310a4408ce73c5dc3a9c44
- - "./repos/ruby/mri_193_p547"
  - 39f4753b620f9ff427c547fd19f04c89f8441f6f
- - "./repos/ruby/ruby_193_bad_patch_cedar_14"
  - 6948c1460c596f08c4642d616ae73a45dc0ae51a
- - "./repos/ruby/ruby_193_jruby_17161"
  - 130cbe4bc2d8325ecb6d450fb7f5f2248390f0f8
- - "./repos/ruby/ruby_193_jruby_17161_jdk7"
  - c1b632f8a96cf9b902f5cdcd7a190d46544a8144
- - "./repos/ruby/ruby_193_jruby_17161_jdk8"
  - 01d90df2547488151f3add3b237f15e47e62a4e9
- - "./repos/ruby/ruby_193_jruby_173"
  - a08e8b2cc61d08bd611accaa455dbcbfff80f831
- - "./repos/ruby/ruby_193_jruby_176"
  - 9fcbc184cb386abc8784e9935d52d403e35c532c
- - "./repos/ruby/ruby_25"
  - 0cb3df80d55b61e9417f2ac00adb06e15ae37982
